{
  "name": "voks-elements",
  "version": "0.0.1",
  "lockfileVersion": 2,
  "requires": true,
  "packages": {
    "": {
      "name": "voks-elements",
      "version": "0.0.1",
      "license": "Apache-2.0",
      "peerDependencies": {
        "voks": "^1.0.4"
      }
    },
    "node_modules/voks": {
      "version": "1.0.4",
      "resolved": "https://registry.npmjs.org/voks/-/voks-1.0.4.tgz",
      "integrity": "sha512-2HE60CpooU3ltVkdLgYc+fL1gv5WbzrwzcZGCmEeZYSsvtGi5nk9NGHEF6NZeW2obCevc+TawC7DSgze2MFpWA==",
      "peer": true
    }
  },
  "dependencies": {
    "voks": {
      "version": "1.0.4",
      "resolved": "https://registry.npmjs.org/voks/-/voks-1.0.4.tgz",
      "integrity": "sha512-2HE60CpooU3ltVkdLgYc+fL1gv5WbzrwzcZGCmEeZYSsvtGi5nk9NGHEF6NZeW2obCevc+TawC7DSgze2MFpWA==",
      "peer": true
    }
  }
}
